
Microsoft Visual Studio Solution File, Format Version 12.00
# Visual Studio Version 17
VisualStudioVersion = 17.9.34622.214
MinimumVisualStudioVersion = 10.0.40219.1
Project("{FAE04EC0-301F-11D3-BF4B-00C04F79EFBC}") = "RMAN-test.Server", "RMAN-test.Server\RMAN-test.Server.csproj", "{5EDB5085-0322-4ECC-8C8F-E71584FB2E58}"
EndProject
Project("{54A90642-561A-4BB1-A94E-469ADEE60C69}") = "rman-test.client", "rman-test.client\rman-test.client.esproj", "{9F7FDC2D-A7B9-4D6D-8725-5D833635039F}"
EndProject
Global
	GlobalSection(SolutionConfigurationPlatforms) = preSolution
		Debug|Any CPU = Debug|Any CPU
		Release|Any CPU = Release|Any CPU
	EndGlobalSection
	GlobalSection(ProjectConfigurationPlatforms) = postSolution
		{5EDB5085-0322-4ECC-8C8F-E71584FB2E58}.Debug|Any CPU.ActiveCfg = Debug|Any CPU
		{5EDB5085-0322-4ECC-8C8F-E71584FB2E58}.Debug|Any CPU.Build.0 = Debug|Any CPU
		{5EDB5085-0322-4ECC-8C8F-E71584FB2E58}.Release|Any CPU.ActiveCfg = Release|Any CPU
		{5EDB5085-0322-4ECC-8C8F-E71584FB2E58}.Release|Any CPU.Build.0 = Release|Any CPU
		{9F7FDC2D-A7B9-4D6D-8725-5D833635039F}.Debug|Any CPU.ActiveCfg = Debug|Any CPU
		{9F7FDC2D-A7B9-4D6D-8725-5D833635039F}.Debug|Any CPU.Build.0 = Debug|Any CPU
		{9F7FDC2D-A7B9-4D6D-8725-5D833635039F}.Debug|Any CPU.Deploy.0 = Debug|Any CPU
		{9F7FDC2D-A7B9-4D6D-8725-5D833635039F}.Release|Any CPU.ActiveCfg = Release|Any CPU
		{9F7FDC2D-A7B9-4D6D-8725-5D833635039F}.Release|Any CPU.Build.0 = Release|Any CPU
		{9F7FDC2D-A7B9-4D6D-8725-5D833635039F}.Release|Any CPU.Deploy.0 = Release|Any CPU
	EndGlobalSection
	GlobalSection(SolutionProperties) = preSolution
		HideSolutionNode = FALSE
	EndGlobalSection
	GlobalSection(ExtensibilityGlobals) = postSolution
		SolutionGuid = {1D8F74D2-3C0D-4593-8210-A526F7FB1DFF}
	EndGlobalSection
EndGlobal
